hash: e99d6e208d9806cd3133aaf20912a1e3ece517fc36c3ad1e67631bc2ba7b4009
updated: 2017-02-06T12:03:37.357927455-05:00
imports:
- name: github.com/gorilla/context
  version: 08b5f424b9271eedf6f9f0ce86cb9396ed337a42
- name: github.com/gorilla/mux
  version: 392c28fe23e1c45ddba891b0320b3b5df220beea
- name: github.com/vbatts/go-httplog
  version: becd5526f5dcce33a513c4c0ef2c70c761ca66e0
- name: labix.org/v2/mgo
  version: "287"
  subpackages:
  - bson
- name: labix.org/v2/mgo/sasl
  version: ""
- name: launchpad.net/goyaml
  version: "51"
testImports: []
